
Microsoft Visual Studio Solution File, Format Version 12.00
# Visual Studio 15
VisualStudioVersion = 15.0.28307.1000
MinimumVisualStudioVersion = 10.0.40219.1
Project("{FAE04EC0-301F-11D3-BF4B-00C04F79EFBC}") = "BankApplication", "BankApplication\BankApplication.csproj", "{4468A7E5-27A6-43BE-BC60-C55984074FF0}"
EndProject
Project("{FAE04EC0-301F-11D3-BF4B-00C04F79EFBC}") = "BankLibrary", "BankLibrary\BankLibrary.csproj", "{F8118A0B-47D4-42FD-A482-3A8F9695CB7B}"
EndProject
Global
	GlobalSection(SolutionConfigurationPlatforms) = preSolution
		Debug|Any CPU = Debug|Any CPU
		Release|Any CPU = Release|Any CPU
	EndGlobalSection
	GlobalSection(ProjectConfigurationPlatforms) = postSolution
		{4468A7E5-27A6-43BE-BC60-C55984074FF0}.Debug|Any CPU.ActiveCfg = Debug|Any CPU
		{4468A7E5-27A6-43BE-BC60-C55984074FF0}.Debug|Any CPU.Build.0 = Debug|Any CPU
		{4468A7E5-27A6-43BE-BC60-C55984074FF0}.Release|Any CPU.ActiveCfg = Release|Any CPU
		{4468A7E5-27A6-43BE-BC60-C55984074FF0}.Release|Any CPU.Build.0 = Release|Any CPU
		{F8118A0B-47D4-42FD-A482-3A8F9695CB7B}.Debug|Any CPU.ActiveCfg = Debug|Any CPU
		{F8118A0B-47D4-42FD-A482-3A8F9695CB7B}.Debug|Any CPU.Build.0 = Debug|Any CPU
		{F8118A0B-47D4-42FD-A482-3A8F9695CB7B}.Release|Any CPU.ActiveCfg = Release|Any CPU
		{F8118A0B-47D4-42FD-A482-3A8F9695CB7B}.Release|Any CPU.Build.0 = Release|Any CPU
	EndGlobalSection
	GlobalSection(SolutionProperties) = preSolution
		HideSolutionNode = FALSE
	EndGlobalSection
	GlobalSection(ExtensibilityGlobals) = postSolution
		SolutionGuid = {C87F7F69-BD69-4B34-B8DB-FFAD7EB353DF}
	EndGlobalSection
EndGlobal
